
Microsoft Visual Studio Solution File, Format Version 12.00
# Visual Studio Version 17
VisualStudioVersion = 17.3.32929.385
MinimumVisualStudioVersion = 10.0.40219.1
Project("{FAE04EC0-301F-11D3-BF4B-00C04F79EFBC}") = "Teste", "Teste\Teste.csproj", "{D2EF2EDB-A23F-4A3C-8834-F538B006865B}"
EndProject
Global
	GlobalSection(SolutionConfigurationPlatforms) = preSolution
		Debug|Any CPU = Debug|Any CPU
		Release|Any CPU = Release|Any CPU
	EndGlobalSection
	GlobalSection(ProjectConfigurationPlatforms) = postSolution
		{D2EF2EDB-A23F-4A3C-8834-F538B006865B}.Debug|Any CPU.ActiveCfg = Debug|Any CPU
		{D2EF2EDB-A23F-4A3C-8834-F538B006865B}.Debug|Any CPU.Build.0 = Debug|Any CPU
		{D2EF2EDB-A23F-4A3C-8834-F538B006865B}.Release|Any CPU.ActiveCfg = Release|Any CPU
		{D2EF2EDB-A23F-4A3C-8834-F538B006865B}.Release|Any CPU.Build.0 = Release|Any CPU
	EndGlobalSection
	GlobalSection(SolutionProperties) = preSolution
		HideSolutionNode = FALSE
	EndGlobalSection
	GlobalSection(ExtensibilityGlobals) = postSolution
		SolutionGuid = {7AC8659A-735A-46A8-870B-29666B718512}
	EndGlobalSection
EndGlobal
